{
  "name": "static",
  "version": "1.0.0",
  "lockfileVersion": 1,
  "requires": true,
  "dependencies": {
    "@types/node": {
      "version": "16.3.1",
      "resolved": "https://registry.npmjs.org/@types/node/-/node-16.3.1.tgz",
      "integrity": "sha512-N87VuQi7HEeRJkhzovao/JviiqKjDKMVKxKMfUvSKw+MbkbW8R0nA3fi/MQhhlxV2fQ+2ReM+/Nt4efdrJx3zA=="
    },
    "@yaireo/tagify": {
      "version": "4.5.0",
      "resolved": "https://registry.npmjs.org/@yaireo/tagify/-/tagify-4.5.0.tgz",
      "integrity": "sha512-fYy9IVFt0i41KuTX3kwJ1sEzGeYhFe9b6GGDGIz/La9pyG1VaGJPFyKEtsDkkyNKptRU83yXSPtM6laldF1q1A=="
    },
    "bootstrap": {
      "version": "5.0.2",
      "resolved": "https://registry.npmjs.org/bootstrap/-/bootstrap-5.0.2.tgz",
      "integrity": "sha512-1Ge963tyEQWJJ+8qtXFU6wgmAVj9gweEjibUdbmcCEYsn38tVwRk8107rk2vzt6cfQcRr3SlZ8aQBqaD8aqf+Q=="
    },
    "canvas-renderer": {
      "version": "2.2.0",
      "resolved": "https://registry.npmjs.org/canvas-renderer/-/canvas-renderer-2.2.0.tgz",
      "integrity": "sha512-Itdq9pwXcs4IbbkRCXc7reeGBk6i6tlDtZTjE1yc+KvYkx1Mt3WLf6tidZ/Ixbm7Vmi+jpWKG0dRBor67x9yGw==",
      "requires": {
        "@types/node": "*"
      }
    },
    "cropper": {
      "version": "4.1.0",
      "resolved": "https://registry.npmjs.org/cropper/-/cropper-4.1.0.tgz",
      "integrity": "sha512-dNbkWNT606oMgRQ2aYMerDnPpSVLBMTWyERDHsDwih1ahJiVpyfSM9ev/n6G4ElfRG8t0shUZ5FXLg7YtmDdBQ==",
      "requires": {
        "cropperjs": "^1.5.6"
      }
    },
    "cropperjs": {
      "version": "1.5.12",
      "resolved": "https://registry.npmjs.org/cropperjs/-/cropperjs-1.5.12.tgz",
      "integrity": "sha512-re7UdjE5UnwdrovyhNzZ6gathI4Rs3KGCBSc8HCIjUo5hO42CtzyblmWLj6QWVw7huHyDMfpKxhiO2II77nhDw=="
    },
    "font-awesome": {
      "version": "4.7.0",
      "resolved": "https://registry.npmjs.org/font-awesome/-/font-awesome-4.7.0.tgz",
      "integrity": "sha1-j6jPBBGhoxr9B7BtKQK7n8gVoTM="
    },
    "jdenticon": {
      "version": "3.1.0",
      "resolved": "https://registry.npmjs.org/jdenticon/-/jdenticon-3.1.0.tgz",
      "integrity": "sha512-shf4UwvviUnGKMQWa2AttLgmP7tOPrXQ56aJv2ARdY6hs1RyIdxe7QlQQg4lriGwCxe4nv1nmqOZZdJQxOU/IA==",
      "requires": {
        "canvas-renderer": "~2.2.0"
      }
    },
    "jquery": {
      "version": "3.6.0",
      "resolved": "https://registry.npmjs.org/jquery/-/jquery-3.6.0.tgz",
      "integrity": "sha512-JVzAR/AjBvVt2BmYhxRCSYysDsPcssdmTFnzyLEts9qNwmjmu4JTAMYubEfwVOSwpQ1I1sKKFcxhZCI2buerfw=="
    },
    "jquery-cropper": {
      "version": "1.0.1",
      "resolved": "https://registry.npmjs.org/jquery-cropper/-/jquery-cropper-1.0.1.tgz",
      "integrity": "sha512-KGlY8b0IJQi2Bxe3lqMKmd5Z2Ce4GrnDE5O8Iciza9xCzXISkL6EqX/jFHwnLL1H6Q4FGjoRguuv3lxezsbKJQ=="
    },
    "summernote": {
      "version": "0.8.18",
      "resolved": "https://registry.npmjs.org/summernote/-/summernote-0.8.18.tgz",
      "integrity": "sha512-VlwBaNm9vSYMYXvO2f3UCUmY0Gm8jxLcBn+D08aX3pKs4x2vAoyQ4DcDQ6D+PchQiLrf86AGQVfVu56F4aP3ug=="
    }
  }
}
